// !$*UTF8*$!
{
	archiveVersion = 1;
	classes = {
	};
	objectVersion = 50;
	objects = {

/* Begin PBXBuildFile section */
		372AF8D4243A8848009C7F86 /* AppDelegate.swift in Sources */ = {isa = PBXBuildFile; fileRef = 372AF8D3243A8848009C7F86 /* AppDelegate.swift */; };
		372AF8D6243A8848009C7F86 /* SceneDelegate.swift in Sources */ = {isa = PBXBuildFile; fileRef = 372AF8D5243A8848009C7F86 /* SceneDelegate.swift */; };
		372AF8D8243A8848009C7F86 /* ViewController.swift in Sources */ = {isa = PBXBuildFile; fileRef = 372AF8D7243A8848009C7F86 /* ViewController.swift */; };
		372AF8DB243A8848009C7F86 /* Main.storyboard in Resources */ = {isa = PBXBuildFile; fileRef = 372AF8D9243A8848009C7F86 /* Main.storyboard */; };
		372AF8DD243A884B009C7F86 /* Assets.xcassets in Resources */ = {isa = PBXBuildFile; fileRef = 372AF8DC243A884B009C7F86 /* Assets.xcassets */; };
		372AF8E0243A884B009C7F86 /* LaunchScreen.storyboard in Resources */ = {isa = PBXBuildFile; fileRef = 372AF8DE243A884B009C7F86 /* LaunchScreen.storyboard */; };
/* End PBXBuildFile section */

/* Begin PBXFileReference section */
		372AF8D0243A8848009C7F86 /* Project27.app */ = {isa = PBXFileReference; explicitFileType = wrapper.application; includeInIndex = 0; path = Project27.app; sourceTree = BUILT_PRODUCTS_DIR; };
		372AF8D3243A8848009C7F86 /* AppDelegate.swift */ = {isa = PBXFileReference; lastKnownFileType = sourcecode.swift; path = AppDelegate.swift; sourceTree = "<group>"; };
		372AF8D5243A8848009C7F86 /* SceneDelegate.swift */ = {isa = PBXFileReference; lastKnownFileType = sourcecode.swift; path = SceneDelegate.swift; sourceTree = "<group>"; };
		372AF8D7243A8848009C7F86 /* ViewController.swift */ = {isa = PBXFileReference; lastKnownFileType = sourcecode.swift; path = ViewController.swift; sourceTree = "<group>"; };
		372AF8DA243A8848009C7F86 /* Base */ = {isa = PBXFileReference; lastKnownFileType = file.storyboard; name = Base; path = Base.lproj/Main.storyboard; sourceTree = "<group>"; };
		372AF8DC243A884B009C7F86 /* Assets.xcassets */ = {isa = PBXFileReference; lastKnownFileType = folder.assetcatalog; path = Assets.xcassets; sourceTree = "<group>"; };
		372AF8DF243A884B009C7F86 /* Base */ = {isa = PBXFileReference; lastKnownFileType = file.storyboard; name = Base; path = Base.lproj/LaunchScreen.storyboard; sourceTree = "<group>"; };
		372AF8E1243A884B009C7F86 /* Info.plist */ = {isa = PBXFileReference; lastKnownFileType = text.plist.xml; path = Info.plist; sourceTree = "<group>"; };
/* End PBXFileReference section */

/* Begin PBXFrameworksBuildPhase section */
		372AF8CD243A8848009C7F86 /* Frameworks */ = {
			isa = PBXFrameworksBuildPhase;
			buildActionMask = 2147483647;
			files = (
			);
			runOnlyForDeploymentPostprocessing = 0;
		};
/* End PBXFrameworksBuildPhase section */

/* Begin PBXGroup section */
		372AF8C7243A8848009C7F86 = {
			isa = PBXGroup;
			children = (
				372AF8D2243A8848009C7F86 /* Project27 */,
				372AF8D1243A8848009C7F86 /* Products */,
			);
			sourceTree = "<group>";
		};
		372AF8D1243A8848009C7F86 /* Products */ = {
			isa = PBXGroup;
			children = (
				372AF8D0243A8848009C7F86 /* Project27.app */,
			);
			name = Products;
			sourceTree = "<group>";
		};
		372AF8D2243A8848009C7F86 /* Project27 */ = {
			isa = PBXGroup;
			children = (
				372AF8D3243A8848009C7F86 /* AppDelegate.swift */,
				372AF8D5243A8848009C7F86 /* SceneDelegate.swift */,
				372AF8D7243A8848009C7F86 /* ViewController.swift */,
				372AF8D9243A8848009C7F86 /* Main.storyboard */,
				372AF8DC243A884B009C7F86 /* Assets.xcassets */,
				372AF8DE243A884B009C7F86 /* LaunchScreen.storyboard */,
				372AF8E1243A884B009C7F86 /* Info.plist */,
			);
			path = Project27;
			sourceTree = "<group>";
		};
/* End PBXGroup section */

/* Begin PBXNativeTarget section */
		372AF8CF243A8848009C7F86 /* Project27 */ = {
			isa = PBXNativeTarget;
			buildConfigurationList = 372AF8E4243A884B009C7F86 /* Build configuration list for PBXNativeTarget "Project27" */;
			buildPhases = (
				372AF8CC243A8848009C7F86 /* Sources */,
				372AF8CD243A8848009C7F86 /* Frameworks */,
				372AF8CE243A8848009C7F86 /* Resources */,
			);
			buildRules = (
			);
			dependencies = (
			);
			name = Project27;
			productName = Project27;
			productReference = 372AF8D0243A8848009C7F86 /* Project27.app */;
			productType = "com.apple.product-type.application";
		};
/* End PBXNativeTarget section */

/* Begin PBXProject section */
		372AF8C8243A8848009C7F86 /* Project object */ = {
			isa = PBXProject;
			attributes = {
				LastSwiftUpdateCheck = 1130;
				LastUpgradeCheck = 1130;
				ORGANIZATIONNAME = lucas.firmo;
				TargetAttributes = {
					372AF8CF243A8848009C7F86 = {
						CreatedOnToolsVersion = 11.3;
					};
				};
			};
			buildConfigurationList = 372AF8CB243A8848009C7F86 /* Build configuration list for PBXProject "Project27" */;
			compatibilityVersion = "Xcode 9.3";
			developmentRegion = en;
			hasScannedForEncodings = 0;
			knownRegions = (
				en,
				Base,
			);
			mainGroup = 372AF8C7243A8848009C7F86;
			productRefGroup = 372AF8D1243A8848009C7F86 /* Products */;
			projectDirPath = "";
			projectRoot = "";
			targets = (
				372AF8CF243A8848009C7F86 /* Project27 */,
			);
		};
/* End PBXProject section */

/* Begin PBXResourcesBuildPhase section */
		372AF8CE243A8848009C7F86 /* Resources */ = {
			isa = PBXResourcesBuildPhase;
			buildActionMask = 2147483647;
			files = (
				372AF8E0243A884B009C7F86 /* LaunchScreen.storyboard in Resources */,
				372AF8DD243A884B009C7F86 /* Assets.xcassets in Resources */,
				372AF8DB243A8848009C7F86 /* Main.storyboard in Resources */,
			);
			runOnlyForDeploymentPostprocessing = 0;
		};
/* End PBXResourcesBuildPhase section */

/* Begin PBXSourcesBuildPhase section */
		372AF8CC243A8848009C7F86 /* Sources */ = {
			isa = PBXSourcesBuildPhase;
			buildActionMask = 2147483647;
			files = (
				372AF8D8243A8848009C7F86 /* ViewController.swift in Sources */,
				372AF8D4243A8848009C7F86 /* AppDelegate.swift in Sources */,
				372AF8D6243A8848009C7F86 /* SceneDelegate.swift in Sources */,
			);
			runOnlyForDeploymentPostprocessing = 0;
		};
/* End PBXSourcesBuildPhase section */

/* Begin PBXVariantGroup section */
		372AF8D9243A8848009C7F86 /* Main.storyboard */ = {
			isa = PBXVariantGroup;
			children = (
				372AF8DA243A8848009C7F86 /* Base */,
			);
			name = Main.storyboard;
			sourceTree = "<group>";
		};
		372AF8DE243A884B009C7F86 /* LaunchScreen.storyboard */ = {
			isa = PBXVariantGroup;
			children = (
				372AF8DF243A884B009C7F86 /* Base */,
			);
			name = LaunchScreen.storyboard;
			sourceTree = "<group>";
		};
/* End PBXVariantGroup section */

/* Begin XCBuildConfiguration section */
		372AF8E2243A884B009C7F86 /* Debug */ = {
			isa = XCBuildConfiguration;
			buildSettings = {
				ALWAYS_SEARCH_USER_PATHS = NO;
				CLANG_ANALYZER_NONNULL = YES;
				CLANG_ANALYZER_NUMBER_OBJECT_CONVERSION = YES_AGGRESSIVE;
				CLANG_CXX_LANGUAGE_STANDARD = "gnu++14";
				CLANG_CXX_LIBRARY = "libc++";
				CLANG_ENABLE_MODULES = YES;
				CLANG_ENABLE_OBJC_ARC = YES;
				CLANG_ENABLE_OBJC_WEAK = YES;
				CLANG_WARN_BLOCK_CAPTURE_AUTORELEASING = YES;
				CLANG_WARN_BOOL_CONVERSION = YES;
				CLANG_WARN_COMMA = YES;
				CLANG_WARN_CONSTANT_CONVERSION = YES;
				CLANG_WARN_DEPRECATED_OBJC_IMPLEMENTATIONS = YES;
				CLANG_WARN_DIRECT_OBJC_ISA_USAGE = YES_ERROR;
				CLANG_WARN_DOCUMENTATION_COMMENTS = YES;
				CLANG_WARN_EMPTY_BODY = YES;
				CLANG_WARN_ENUM_CONVERSION = YES;
				CLANG_WARN_INFINITE_RECURSION = YES;
				CLANG_WARN_INT_CONVERSION = YES;
				CLANG_WARN_NON_LITERAL_NULL_CONVERSION = YES;
				CLANG_WARN_OBJC_IMPLICIT_RETAIN_SELF = YES;
				CLANG_WARN_OBJC_LITERAL_CONVERSION = YES;
				CLANG_WARN_OBJC_ROOT_CLASS = YES_ERROR;
				CLANG_WARN_RANGE_LOOP_ANALYSIS = YES;
				CLANG_WARN_STRICT_PROTOTYPES = YES;
				CLANG_WARN_SUSPICIOUS_MOVE = YES;
				CLANG_WARN_UNGUARDED_AVAILABILITY = YES_AGGRESSIVE;
				CLANG_WARN_UNREACHABLE_CODE = YES;
				CLANG_WARN__DUPLICATE_METHOD_MATCH = YES;
				COPY_PHASE_STRIP = NO;
				DEBUG_INFORMATION_FORMAT = dwarf;
				ENABLE_STRICT_OBJC_MSGSEND = YES;
				ENABLE_TESTABILITY = YES;
				GCC_C_LANGUAGE_STANDARD = gnu11;
				GCC_DYNAMIC_NO_PIC = NO;
				GCC_NO_COMMON_BLOCKS = YES;
				GCC_OPTIMIZATION_LEVEL = 0;
				GCC_PREPROCESSOR_DEFINITIONS = (
					"DEBUG=1",
					"$(inherited)",
				);
				GCC_WARN_64_TO_32_BIT_CONVERSION = YES;
				GCC_WARN_ABOUT_RETURN_TYPE = YES_ERROR;
				GCC_WARN_UNDECLARED_SELECTOR = YES;
				GCC_WARN_UNINITIALIZED_AUTOS = YES_AGGRESSIVE;
				GCC_WARN_UNUSED_FUNCTION = YES;
				GCC_WARN_UNUSED_VARIABLE = YES;
				IPHONEOS_DEPLOYMENT_TARGET = 13.2;
				MTL_ENABLE_DEBUG_INFO = INCLUDE_SOURCE;
				MTL_FAST_MATH = YES;
				ONLY_ACTIVE_ARCH = YES;
				SDKROOT = iphoneos;
				SWIFT_ACTIVE_COMPILATION_CONDITIONS = DEBUG;
				SWIFT_OPTIMIZATION_LEVEL = "-Onone";
			};
			name = Debug;
		};
		372AF8E3243A884B009C7F86 /* Release */ = {
			isa = XCBuildConfiguration;
			buildSettings = {
				ALWAYS_SEARCH_USER_PATHS = NO;
				CLANG_ANALYZER_NONNULL = YES;
				CLANG_ANALYZER_NUMBER_OBJECT_CONVERSION = YES_AGGRESSIVE;
				CLANG_CXX_LANGUAGE_STANDARD = "gnu++14";
				CLANG_CXX_LIBRARY = "libc++";
				CLANG_ENABLE_MODULES = YES;
				CLANG_ENABLE_OBJC_ARC = YES;
				CLANG_ENABLE_OBJC_WEAK = YES;
				CLANG_WARN_BLOCK_CAPTURE_AUTORELEASING = YES;
				CLANG_WARN_BOOL_CONVERSION = YES;
				CLANG_WARN_COMMA = YES;
				CLANG_WARN_CONSTANT_CONVERSION = YES;
				CLANG_WARN_DEPRECATED_OBJC_IMPLEMENTATIONS = YES;
				CLANG_WARN_DIRECT_OBJC_ISA_USAGE = YES_ERROR;
				CLANG_WARN_DOCUMENTATION_COMMENTS = YES;
				CLANG_WARN_EMPTY_BODY = YES;
				CLANG_WARN_ENUM_CONVERSION = YES;
				CLANG_WARN_INFINITE_RECURSION = YES;
				CLANG_WARN_INT_CONVERSION = YES;
				CLANG_WARN_NON_LITERAL_NULL_CONVERSION = YES;
				CLANG_WARN_OBJC_IMPLICIT_RETAIN_SELF = YES;
				CLANG_WARN_OBJC_LITERAL_CONVERSION = YES;
				CLANG_WARN_OBJC_ROOT_CLASS = YES_ERROR;
				CLANG_WARN_RANGE_LOOP_ANALYSIS = YES;
				CLANG_WARN_STRICT_PROTOTYPES = YES;
				CLANG_WARN_SUSPICIOUS_MOVE = YES;
				CLANG_WARN_UNGUARDED_AVAILABILITY = YES_AGGRESSIVE;
				CLANG_WARN_UNREACHABLE_CODE = YES;
				CLANG_WARN__DUPLICATE_METHOD_MATCH = YES;
				COPY_PHASE_STRIP = NO;
				DEBUG_INFORMATION_FORMAT = "dwarf-with-dsym";
				ENABLE_NS_ASSERTIONS = NO;
				ENABLE_STRICT_OBJC_MSGSEND = YES;
				GCC_C_LANGUAGE_STANDARD = gnu11;
				GCC_NO_COMMON_BLOCKS = YES;
				GCC_WARN_64_TO_32_BIT_CONVERSION = YES;
				GCC_WARN_ABOUT_RETURN_TYPE = YES_ERROR;
				GCC_WARN_UNDECLARED_SELECTOR = YES;
				GCC_WARN_UNINITIALIZED_AUTOS = YES_AGGRESSIVE;
				GCC_WARN_UNUSED_FUNCTION = YES;
				GCC_WARN_UNUSED_VARIABLE = YES;
				IPHONEOS_DEPLOYMENT_TARGET = 13.2;
				MTL_ENABLE_DEBUG_INFO = NO;
				MTL_FAST_MATH = YES;
				SDKROOT = iphoneos;
				SWIFT_COMPILATION_MODE = wholemodule;
				SWIFT_OPTIMIZATION_LEVEL = "-O";
				VALIDATE_PRODUCT = YES;
			};
			name = Release;
		};
		372AF8E5243A884B009C7F86 /* Debug */ = {
			isa = XCBuildConfiguration;
			buildSettings = {
				ASSETCATALOG_COMPILER_APPICON_NAME = AppIcon;
				CODE_SIGN_STYLE = Automatic;
				DEVELOPMENT_TEAM = 8VWQC7JGT6;
				INFOPLIST_FILE = Project27/Info.plist;
				LD_RUNPATH_SEARCH_PATHS = (
					"$(inherited)",
					"@executable_path/Frameworks",
				);
				PRODUCT_BUNDLE_IDENTIFIER = domene.Project27;
				PRODUCT_NAME = "$(TARGET_NAME)";
				SWIFT_VERSION = 5.0;
				TARGETED_DEVICE_FAMILY = 2;
			};
			name = Debug;
		};
		372AF8E6243A884B009C7F86 /* Release */ = {
			isa = XCBuildConfiguration;
			buildSettings = {
				ASSETCATALOG_COMPILER_APPICON_NAME = AppIcon;
				CODE_SIGN_STYLE = Automatic;
				DEVELOPMENT_TEAM = 8VWQC7JGT6;
				INFOPLIST_FILE = Project27/Info.plist;
				LD_RUNPATH_SEARCH_PATHS = (
					"$(inherited)",
					"@executable_path/Frameworks",
				);
				PRODUCT_BUNDLE_IDENTIFIER = domene.Project27;
				PRODUCT_NAME = "$(TARGET_NAME)";
				SWIFT_VERSION = 5.0;
				TARGETED_DEVICE_FAMILY = 2;
			};
			name = Release;
		};
/* End XCBuildConfiguration section */

/* Begin XCConfigurationList section */
		372AF8CB243A8848009C7F86 /* Build configuration list for PBXProject "Project27" */ = {
			isa = XCConfigurationList;
			buildConfigurations = (
				372AF8E2243A884B009C7F86 /* Debug */,
				372AF8E3243A884B009C7F86 /* Release */,
			);
			defaultConfigurationIsVisible = 0;
			defaultConfigurationName = Release;
		};
		372AF8E4243A884B009C7F86 /* Build configuration list for PBXNativeTarget "Project27" */ = {
			isa = XCConfigurationList;
			buildConfigurations = (
				372AF8E5243A884B009C7F86 /* Debug */,
				372AF8E6243A884B009C7F86 /* Release */,
			);
			defaultConfigurationIsVisible = 0;
			defaultConfigurationName = Release;
		};
/* End XCConfigurationList section */
	};
	rootObject = 372AF8C8243A8848009C7F86 /* Project object */;
}
